// !$*UTF8*$!
{
	archiveVersion = 1;
	classes = {
	};
	objectVersion = 50;
	objects = {

/* Begin PBXBuildFile section */
		B6712502210BD38B0041023F /* malgorithms.framework in Frameworks */ = {isa = PBXBuildFile; fileRef = B67124F8210BD38A0041023F /* malgorithms.framework */; };
		B6712507210BD38B0041023F /* malgorithmsTests.swift in Sources */ = {isa = PBXBuildFile; fileRef = B6712506210BD38B0041023F /* malgorithmsTests.swift */; };
		B6712509210BD38B0041023F /* malgorithms.h in Headers */ = {isa = PBXBuildFile; fileRef = B67124FB210BD38A0041023F /* malgorithms.h */; settings = {ATTRIBUTES = (Public, ); }; };
		B6712515210BD4720041023F /* Linkedlist.swift in Sources */ = {isa = PBXBuildFile; fileRef = B6712514210BD4720041023F /* Linkedlist.swift */; };
/* End PBXBuildFile section */

/* Begin PBXContainerItemProxy section */
		B6712503210BD38B0041023F /* PBXContainerItemProxy */ = {
			isa = PBXContainerItemProxy;
			containerPortal = B67124EF210BD38A0041023F /* Project object */;
			proxyType = 1;
			remoteGlobalIDString = B67124F7210BD38A0041023F;
			remoteInfo = malgorithms;
		};
/* End PBXContainerItemProxy section */

/* Begin PBXFileReference section */
		B67124F8210BD38A0041023F /* malgorithms.framework */ = {isa = PBXFileReference; explicitFileType = wrapper.framework; includeInIndex = 0; path = malgorithms.framework; sourceTree = BUILT_PRODUCTS_DIR; };
		B67124FB210BD38A0041023F /* malgorithms.h */ = {isa = PBXFileReference; lastKnownFileType = sourcecode.c.h; path = malgorithms.h; sourceTree = "<group>"; };
		B67124FC210BD38A0041023F /* Info.plist */ = {isa = PBXFileReference; lastKnownFileType = text.plist.xml; path = Info.plist; sourceTree = "<group>"; };
		B6712501210BD38B0041023F /* malgorithmsTests.xctest */ = {isa = PBXFileReference; explicitFileType = wrapper.cfbundle; includeInIndex = 0; path = malgorithmsTests.xctest; sourceTree = BUILT_PRODUCTS_DIR; };
		B6712506210BD38B0041023F /* malgorithmsTests.swift */ = {isa = PBXFileReference; lastKnownFileType = sourcecode.swift; path = malgorithmsTests.swift; sourceTree = "<group>"; };
		B6712508210BD38B0041023F /* Info.plist */ = {isa = PBXFileReference; lastKnownFileType = text.plist.xml; path = Info.plist; sourceTree = "<group>"; };
		B6712514210BD4720041023F /* Linkedlist.swift */ = {isa = PBXFileReference; lastKnownFileType = sourcecode.swift; path = Linkedlist.swift; sourceTree = "<group>"; };
/* End PBXFileReference section */

/* Begin PBXFrameworksBuildPhase section */
		B67124F4210BD38A0041023F /* Frameworks */ = {
			isa = PBXFrameworksBuildPhase;
			buildActionMask = 2147483647;
			files = (
			);
			runOnlyForDeploymentPostprocessing = 0;
		};
		B67124FE210BD38B0041023F /* Frameworks */ = {
			isa = PBXFrameworksBuildPhase;
			buildActionMask = 2147483647;
			files = (
				B6712502210BD38B0041023F /* malgorithms.framework in Frameworks */,
			);
			runOnlyForDeploymentPostprocessing = 0;
		};
/* End PBXFrameworksBuildPhase section */

/* Begin PBXGroup section */
		B67124EE210BD38A0041023F = {
			isa = PBXGroup;
			children = (
				B67124FA210BD38A0041023F /* malgorithms */,
				B6712505210BD38B0041023F /* malgorithmsTests */,
				B67124F9210BD38A0041023F /* Products */,
			);
			sourceTree = "<group>";
		};
		B67124F9210BD38A0041023F /* Products */ = {
			isa = PBXGroup;
			children = (
				B67124F8210BD38A0041023F /* malgorithms.framework */,
				B6712501210BD38B0041023F /* malgorithmsTests.xctest */,
			);
			name = Products;
			sourceTree = "<group>";
		};
		B67124FA210BD38A0041023F /* malgorithms */ = {
			isa = PBXGroup;
			children = (
				B67124FB210BD38A0041023F /* malgorithms.h */,
				B67124FC210BD38A0041023F /* Info.plist */,
				B6712514210BD4720041023F /* Linkedlist.swift */,
			);
			path = malgorithms;
			sourceTree = "<group>";
		};
		B6712505210BD38B0041023F /* malgorithmsTests */ = {
			isa = PBXGroup;
			children = (
				B6712506210BD38B0041023F /* malgorithmsTests.swift */,
				B6712508210BD38B0041023F /* Info.plist */,
			);
			path = malgorithmsTests;
			sourceTree = "<group>";
		};
/* End PBXGroup section */

/* Begin PBXHeadersBuildPhase section */
		B67124F5210BD38A0041023F /* Headers */ = {
			isa = PBXHeadersBuildPhase;
			buildActionMask = 2147483647;
			files = (
				B6712509210BD38B0041023F /* malgorithms.h in Headers */,
			);
			runOnlyForDeploymentPostprocessing = 0;
		};
/* End PBXHeadersBuildPhase section */

/* Begin PBXNativeTarget section */
		B67124F7210BD38A0041023F /* malgorithms */ = {
			isa = PBXNativeTarget;
			buildConfigurationList = B671250C210BD38B0041023F /* Build configuration list for PBXNativeTarget "malgorithms" */;
			buildPhases = (
				B67124F3210BD38A0041023F /* Sources */,
				B67124F4210BD38A0041023F /* Frameworks */,
				B67124F5210BD38A0041023F /* Headers */,
				B67124F6210BD38A0041023F /* Resources */,
			);
			buildRules = (
			);
			dependencies = (
			);
			name = malgorithms;
			productName = malgorithms;
			productReference = B67124F8210BD38A0041023F /* malgorithms.framework */;
			productType = "com.apple.product-type.framework";
		};
		B6712500210BD38B0041023F /* malgorithmsTests */ = {
			isa = PBXNativeTarget;
			buildConfigurationList = B671250F210BD38B0041023F /* Build configuration list for PBXNativeTarget "malgorithmsTests" */;
			buildPhases = (
				B67124FD210BD38B0041023F /* Sources */,
				B67124FE210BD38B0041023F /* Frameworks */,
				B67124FF210BD38B0041023F /* Resources */,
			);
			buildRules = (
			);
			dependencies = (
				B6712504210BD38B0041023F /* PBXTargetDependency */,
			);
			name = malgorithmsTests;
			productName = malgorithmsTests;
			productReference = B6712501210BD38B0041023F /* malgorithmsTests.xctest */;
			productType = "com.apple.product-type.bundle.unit-test";
		};
/* End PBXNativeTarget section */

/* Begin PBXProject section */
		B67124EF210BD38A0041023F /* Project object */ = {
			isa = PBXProject;
			attributes = {
				LastSwiftUpdateCheck = 0940;
				LastUpgradeCheck = 0940;
				ORGANIZATIONNAME = "Muhand Jumah";
				TargetAttributes = {
					B67124F7210BD38A0041023F = {
						CreatedOnToolsVersion = 9.4.1;
						LastSwiftMigration = 0940;
					};
					B6712500210BD38B0041023F = {
						CreatedOnToolsVersion = 9.4.1;
					};
				};
			};
			buildConfigurationList = B67124F2210BD38A0041023F /* Build configuration list for PBXProject "malgorithms" */;
			compatibilityVersion = "Xcode 9.3";
			developmentRegion = en;
			hasScannedForEncodings = 0;
			knownRegions = (
				en,
			);
			mainGroup = B67124EE210BD38A0041023F;
			productRefGroup = B67124F9210BD38A0041023F /* Products */;
			projectDirPath = "";
			projectRoot = "";
			targets = (
				B67124F7210BD38A0041023F /* malgorithms */,
				B6712500210BD38B0041023F /* malgorithmsTests */,
			);
		};
/* End PBXProject section */

/* Begin PBXResourcesBuildPhase section */
		B67124F6210BD38A0041023F /* Resources */ = {
			isa = PBXResourcesBuildPhase;
			buildActionMask = 2147483647;
			files = (
			);
			runOnlyForDeploymentPostprocessing = 0;
		};
		B67124FF210BD38B0041023F /* Resources */ = {
			isa = PBXResourcesBuildPhase;
			buildActionMask = 2147483647;
			files = (
			);
			runOnlyForDeploymentPostprocessing = 0;
		};
/* End PBXResourcesBuildPhase section */

/* Begin PBXSourcesBuildPhase section */
		B67124F3210BD38A0041023F /* Sources */ = {
			isa = PBXSourcesBuildPhase;
			buildActionMask = 2147483647;
			files = (
				B6712515210BD4720041023F /* Linkedlist.swift in Sources */,
			);
			runOnlyForDeploymentPostprocessing = 0;
		};
		B67124FD210BD38B0041023F /* Sources */ = {
			isa = PBXSourcesBuildPhase;
			buildActionMask = 2147483647;
			files = (
				B6712507210BD38B0041023F /* malgorithmsTests.swift in Sources */,
			);
			runOnlyForDeploymentPostprocessing = 0;
		};
/* End PBXSourcesBuildPhase section */

/* Begin PBXTargetDependency section */
		B6712504210BD38B0041023F /* PBXTargetDependency */ = {
			isa = PBXTargetDependency;
			target = B67124F7210BD38A0041023F /* malgorithms */;
			targetProxy = B6712503210BD38B0041023F /* PBXContainerItemProxy */;
		};
/* End PBXTargetDependency section */

/* Begin XCBuildConfiguration section */
		B671250A210BD38B0041023F /* Debug */ = {
			isa = XCBuildConfiguration;
			buildSettings = {
				ALWAYS_SEARCH_USER_PATHS = NO;
				CLANG_ANALYZER_NONNULL = YES;
				CLANG_ANALYZER_NUMBER_OBJECT_CONVERSION = YES_AGGRESSIVE;
				CLANG_CXX_LANGUAGE_STANDARD = "gnu++14";
				CLANG_CXX_LIBRARY = "libc++";
				CLANG_ENABLE_MODULES = YES;
				CLANG_ENABLE_OBJC_ARC = YES;
				CLANG_ENABLE_OBJC_WEAK = YES;
				CLANG_WARN_BLOCK_CAPTURE_AUTORELEASING = YES;
				CLANG_WARN_BOOL_CONVERSION = YES;
				CLANG_WARN_COMMA = YES;
				CLANG_WARN_CONSTANT_CONVERSION = YES;
				CLANG_WARN_DEPRECATED_OBJC_IMPLEMENTATIONS = YES;
				CLANG_WARN_DIRECT_OBJC_ISA_USAGE = YES_ERROR;
				CLANG_WARN_DOCUMENTATION_COMMENTS = YES;
				CLANG_WARN_EMPTY_BODY = YES;
				CLANG_WARN_ENUM_CONVERSION = YES;
				CLANG_WARN_INFINITE_RECURSION = YES;
				CLANG_WARN_INT_CONVERSION = YES;
				CLANG_WARN_NON_LITERAL_NULL_CONVERSION = YES;
				CLANG_WARN_OBJC_IMPLICIT_RETAIN_SELF = YES;
				CLANG_WARN_OBJC_LITERAL_CONVERSION = YES;
				CLANG_WARN_OBJC_ROOT_CLASS = YES_ERROR;
				CLANG_WARN_RANGE_LOOP_ANALYSIS = YES;
				CLANG_WARN_STRICT_PROTOTYPES = YES;
				CLANG_WARN_SUSPICIOUS_MOVE = YES;
				CLANG_WARN_UNGUARDED_AVAILABILITY = YES_AGGRESSIVE;
				CLANG_WARN_UNREACHABLE_CODE = YES;
				CLANG_WARN__DUPLICATE_METHOD_MATCH = YES;
				CODE_SIGN_IDENTITY = "iPhone Developer";
				COPY_PHASE_STRIP = NO;
				CURRENT_PROJECT_VERSION = 1;
				DEBUG_INFORMATION_FORMAT = dwarf;
				ENABLE_STRICT_OBJC_MSGSEND = YES;
				ENABLE_TESTABILITY = YES;
				GCC_C_LANGUAGE_STANDARD = gnu11;
				GCC_DYNAMIC_NO_PIC = NO;
				GCC_NO_COMMON_BLOCKS = YES;
				GCC_OPTIMIZATION_LEVEL = 0;
				GCC_PREPROCESSOR_DEFINITIONS = (
					"DEBUG=1",
					"$(inherited)",
				);
				GCC_WARN_64_TO_32_BIT_CONVERSION = YES;
				GCC_WARN_ABOUT_RETURN_TYPE = YES_ERROR;
				GCC_WARN_UNDECLARED_SELECTOR = YES;
				GCC_WARN_UNINITIALIZED_AUTOS = YES_AGGRESSIVE;
				GCC_WARN_UNUSED_FUNCTION = YES;
				GCC_WARN_UNUSED_VARIABLE = YES;
				IPHONEOS_DEPLOYMENT_TARGET = 11.4;
				MTL_ENABLE_DEBUG_INFO = YES;
				ONLY_ACTIVE_ARCH = YES;
				SDKROOT = iphoneos;
				SWIFT_ACTIVE_COMPILATION_CONDITIONS = DEBUG;
				SWIFT_OPTIMIZATION_LEVEL = "-Onone";
				VERSIONING_SYSTEM = "apple-generic";
				VERSION_INFO_PREFIX = "";
			};
			name = Debug;
		};
		B671250B210BD38B0041023F /* Release */ = {
			isa = XCBuildConfiguration;
			buildSettings = {
				ALWAYS_SEARCH_USER_PATHS = NO;
				CLANG_ANALYZER_NONNULL = YES;
				CLANG_ANALYZER_NUMBER_OBJECT_CONVERSION = YES_AGGRESSIVE;
				CLANG_CXX_LANGUAGE_STANDARD = "gnu++14";
				CLANG_CXX_LIBRARY = "libc++";
				CLANG_ENABLE_MODULES = YES;
				CLANG_ENABLE_OBJC_ARC = YES;
				CLANG_ENABLE_OBJC_WEAK = YES;
				CLANG_WARN_BLOCK_CAPTURE_AUTORELEASING = YES;
				CLANG_WARN_BOOL_CONVERSION = YES;
				CLANG_WARN_COMMA = YES;
				CLANG_WARN_CONSTANT_CONVERSION = YES;
				CLANG_WARN_DEPRECATED_OBJC_IMPLEMENTATIONS = YES;
				CLANG_WARN_DIRECT_OBJC_ISA_USAGE = YES_ERROR;
				CLANG_WARN_DOCUMENTATION_COMMENTS = YES;
				CLANG_WARN_EMPTY_BODY = YES;
				CLANG_WARN_ENUM_CONVERSION = YES;
				CLANG_WARN_INFINITE_RECURSION = YES;
				CLANG_WARN_INT_CONVERSION = YES;
				CLANG_WARN_NON_LITERAL_NULL_CONVERSION = YES;
				CLANG_WARN_OBJC_IMPLICIT_RETAIN_SELF = YES;
				CLANG_WARN_OBJC_LITERAL_CONVERSION = YES;
				CLANG_WARN_OBJC_ROOT_CLASS = YES_ERROR;
				CLANG_WARN_RANGE_LOOP_ANALYSIS = YES;
				CLANG_WARN_STRICT_PROTOTYPES = YES;
				CLANG_WARN_SUSPICIOUS_MOVE = YES;
				CLANG_WARN_UNGUARDED_AVAILABILITY = YES_AGGRESSIVE;
				CLANG_WARN_UNREACHABLE_CODE = YES;
				CLANG_WARN__DUPLICATE_METHOD_MATCH = YES;
				CODE_SIGN_IDENTITY = "iPhone Developer";
				COPY_PHASE_STRIP = NO;
				CURRENT_PROJECT_VERSION = 1;
				DEBUG_INFORMATION_FORMAT = "dwarf-with-dsym";
				ENABLE_NS_ASSERTIONS = NO;
				ENABLE_STRICT_OBJC_MSGSEND = YES;
				GCC_C_LANGUAGE_STANDARD = gnu11;
				GCC_NO_COMMON_BLOCKS = YES;
				GCC_WARN_64_TO_32_BIT_CONVERSION = YES;
				GCC_WARN_ABOUT_RETURN_TYPE = YES_ERROR;
				GCC_WARN_UNDECLARED_SELECTOR = YES;
				GCC_WARN_UNINITIALIZED_AUTOS = YES_AGGRESSIVE;
				GCC_WARN_UNUSED_FUNCTION = YES;
				GCC_WARN_UNUSED_VARIABLE = YES;
				IPHONEOS_DEPLOYMENT_TARGET = 11.4;
				MTL_ENABLE_DEBUG_INFO = NO;
				SDKROOT = iphoneos;
				SWIFT_COMPILATION_MODE = wholemodule;
				SWIFT_OPTIMIZATION_LEVEL = "-O";
				VALIDATE_PRODUCT = YES;
				VERSIONING_SYSTEM = "apple-generic";
				VERSION_INFO_PREFIX = "";
			};
			name = Release;
		};
		B671250D210BD38B0041023F /* Debug */ = {
			isa = XCBuildConfiguration;
			buildSettings = {
				CLANG_ENABLE_MODULES = YES;
				CODE_SIGN_IDENTITY = "";
				CODE_SIGN_STYLE = Automatic;
				DEFINES_MODULE = YES;
				DEVELOPMENT_TEAM = 3Q76DGNCRR;
				DYLIB_COMPATIBILITY_VERSION = 1;
				DYLIB_CURRENT_VERSION = 1;
				DYLIB_INSTALL_NAME_BASE = "@rpath";
				INFOPLIST_FILE = malgorithms/Info.plist;
				INSTALL_PATH = "$(LOCAL_LIBRARY_DIR)/Frameworks";
				LD_RUNPATH_SEARCH_PATHS = (
					"$(inherited)",
					"@executable_path/Frameworks",
					"@loader_path/Frameworks",
				);
				PRODUCT_BUNDLE_IDENTIFIER = com.muhandjumah.malgorithms;
				PRODUCT_NAME = "$(TARGET_NAME:c99extidentifier)";
				SKIP_INSTALL = YES;
				SWIFT_OPTIMIZATION_LEVEL = "-Onone";
				SWIFT_VERSION = 4.0;
				TARGETED_DEVICE_FAMILY = "1,2";
			};
			name = Debug;
		};
		B671250E210BD38B0041023F /* Release */ = {
			isa = XCBuildConfiguration;
			buildSettings = {
				CLANG_ENABLE_MODULES = YES;
				CODE_SIGN_IDENTITY = "";
				CODE_SIGN_STYLE = Automatic;
				DEFINES_MODULE = YES;
				DEVELOPMENT_TEAM = 3Q76DGNCRR;
				DYLIB_COMPATIBILITY_VERSION = 1;
				DYLIB_CURRENT_VERSION = 1;
				DYLIB_INSTALL_NAME_BASE = "@rpath";
				INFOPLIST_FILE = malgorithms/Info.plist;
				INSTALL_PATH = "$(LOCAL_LIBRARY_DIR)/Frameworks";
				LD_RUNPATH_SEARCH_PATHS = (
					"$(inherited)",
					"@executable_path/Frameworks",
					"@loader_path/Frameworks",
				);
				PRODUCT_BUNDLE_IDENTIFIER = com.muhandjumah.malgorithms;
				PRODUCT_NAME = "$(TARGET_NAME:c99extidentifier)";
				SKIP_INSTALL = YES;
				SWIFT_VERSION = 4.0;
				TARGETED_DEVICE_FAMILY = "1,2";
			};
			name = Release;
		};
		B6712510210BD38B0041023F /* Debug */ = {
			isa = XCBuildConfiguration;
			buildSettings = {
				ALWAYS_EMBED_SWIFT_STANDARD_LIBRARIES = YES;
				CODE_SIGN_STYLE = Automatic;
				DEVELOPMENT_TEAM = 3Q76DGNCRR;
				INFOPLIST_FILE = malgorithmsTests/Info.plist;
				LD_RUNPATH_SEARCH_PATHS = (
					"$(inherited)",
					"@executable_path/Frameworks",
					"@loader_path/Frameworks",
				);
				PRODUCT_BUNDLE_IDENTIFIER = com.muhandjumah.malgorithmsTests;
				PRODUCT_NAME = "$(TARGET_NAME)";
				SWIFT_VERSION = 4.0;
				TARGETED_DEVICE_FAMILY = "1,2";
			};
			name = Debug;
		};
		B6712511210BD38B0041023F /* Release */ = {
			isa = XCBuildConfiguration;
			buildSettings = {
				ALWAYS_EMBED_SWIFT_STANDARD_LIBRARIES = YES;
				CODE_SIGN_STYLE = Automatic;
				DEVELOPMENT_TEAM = 3Q76DGNCRR;
				INFOPLIST_FILE = malgorithmsTests/Info.plist;
				LD_RUNPATH_SEARCH_PATHS = (
					"$(inherited)",
					"@executable_path/Frameworks",
					"@loader_path/Frameworks",
				);
				PRODUCT_BUNDLE_IDENTIFIER = com.muhandjumah.malgorithmsTests;
				PRODUCT_NAME = "$(TARGET_NAME)";
				SWIFT_VERSION = 4.0;
				TARGETED_DEVICE_FAMILY = "1,2";
			};
			name = Release;
		};
/* End XCBuildConfiguration section */

/* Begin XCConfigurationList section */
		B67124F2210BD38A0041023F /* Build configuration list for PBXProject "malgorithms" */ = {
			isa = XCConfigurationList;
			buildConfigurations = (
				B671250A210BD38B0041023F /* Debug */,
				B671250B210BD38B0041023F /* Release */,
			);
			defaultConfigurationIsVisible = 0;
			defaultConfigurationName = Release;
		};
		B671250C210BD38B0041023F /* Build configuration list for PBXNativeTarget "malgorithms" */ = {
			isa = XCConfigurationList;
			buildConfigurations = (
				B671250D210BD38B0041023F /* Debug */,
				B671250E210BD38B0041023F /* Release */,
			);
			defaultConfigurationIsVisible = 0;
			defaultConfigurationName = Release;
		};
		B671250F210BD38B0041023F /* Build configuration list for PBXNativeTarget "malgorithmsTests" */ = {
			isa = XCConfigurationList;
			buildConfigurations = (
				B6712510210BD38B0041023F /* Debug */,
				B6712511210BD38B0041023F /* Release */,
			);
			defaultConfigurationIsVisible = 0;
			defaultConfigurationName = Release;
		};
/* End XCConfigurationList section */
	};
	rootObject = B67124EF210BD38A0041023F /* Project object */;
}
